<?xml version="1.0" encoding="utf-8"?>
<Project ToolsVersion="4.0" xmlns="http://schemas.microsoft.com/developer/msbuild/2003">
  <ItemGroup>
    <Filter Include="源文件">
      <UniqueIdentifier>{4FC737F1-C7A5-4376-A066-2A32D752A2FF}</UniqueIdentifier>
      <Extensions>cpp;c;cc;cxx;c++;cppm;ixx;def;odl;idl;hpj;bat;asm;asmx</Extensions>
    </Filter>
    <Filter Include="头文件">
      <UniqueIdentifier>{93995380-89BD-4b04-88EB-625FBE52EBFB}</UniqueIdentifier>
      <Extensions>h;hh;hpp;hxx;h++;hm;inl;inc;ipp;xsd</Extensions>
    </Filter>
    <Filter Include="资源文件">
      <UniqueIdentifier>{67DA6AB6-F800-4c08-8B7A-83BB121AAD01}</UniqueIdentifier>
      <Extensions>rc;ico;cur;bmp;dlg;rc2;rct;bin;rgs;gif;jpg;jpeg;jpe;resx;tiff;tif;png;wav;mfcribbon-ms</Extensions>
    </Filter>
  </ItemGroup>
  <ItemGroup>
    <ClCompile Include="flass.cpp">
      <Filter>源文件</Filter>
    </ClCompile>
  </ItemGroup>
  <ItemGroup>
    <ClInclude Include="flass.h">
      <Filter>头文件</Filter>
    </ClInclude>
    <ClInclude Include="flasslib.h">
      <Filter>头文件</Filter>
    </ClInclude>
    <ClInclude Include="graphlib.h">
      <Filter>头文件</Filter>
    </ClInclude>
    <ClInclude Include="connector\ordinaryConnectors.h">
      <Filter>头文件</Filter>
    </ClInclude>
    <ClInclude Include="quant\quantInterface.h">
      <Filter>头文件</Filter>
    </ClInclude>
    <ClInclude Include="quant\SQ8_quant.h">
      <Filter>头文件</Filter>
    </ClInclude>
    <ClInclude Include="space\L2.h">
      <Filter>头文件</Filter>
    </ClInclude>
    <ClInclude Include="connector\directedConnector.h">
      <Filter>头文件</Filter>
    </ClInclude>
    <ClInclude Include="connector\connectorInterface.h">
      <Filter>头文件</Filter>
    </ClInclude>
    <ClInclude Include="connector\undirectedConnector.h">
      <Filter>头文件</Filter>
    </ClInclude>
    <ClInclude Include="space\spaceInterface.h">
      <Filter>头文件</Filter>
    </ClInclude>
    <ClInclude Include="refresher\quantityRefresher.h">
      <Filter>头文件</Filter>
    </ClInclude>
    <ClInclude Include="refresher\refresherInterface.h">
      <Filter>头文件</Filter>
    </ClInclude>
    <ClInclude Include="mermory\subgraphMermory.h">
      <Filter>头文件</Filter>
    </ClInclude>
    <ClInclude Include="quant\FP32_quant.h">
      <Filter>头文件</Filter>
    </ClInclude>
    <ClInclude Include="toolPool\visitPool.h">
      <Filter>头文件</Filter>
    </ClInclude>
    <ClInclude Include="quant\sq4_quant.h">
      <Filter>头文件</Filter>
    </ClInclude>
  </ItemGroup>
</Project>